PODS:
  - Alamofire (4.5.0)
  - Firebase/Core (4.0.3):
    - FirebaseAnalytics (= 4.0.2)
    - FirebaseCore (= 4.0.3)
  - FirebaseAnalytics (4.0.2):
    - FirebaseCore (~> 4.0)
    - FirebaseInstanceID (~> 2.0)
    - GoogleToolboxForMac/NSData+zlib (~> 2.1)
  - FirebaseCore (4.0.3):
    - GoogleToolboxForMac/NSData+zlib (~> 2.1)
  - FirebaseInstanceID (2.0.0):
    - FirebaseCore (~> 4.0)
  - GoogleToolboxForMac/Defines (2.1.1)
  - GoogleToolboxForMac/NSData+zlib (2.1.1):
    - GoogleToolboxForMac/Defines (= 2.1.1)
  - IGLDropDownMenu (1.6.2)
  - ImageSlideshow (1.4.1):
    - ImageSlideshow/Core (= 1.4.1)
  - ImageSlideshow/Core (1.4.1)
  - Kingfisher (4.3.1)
  - KJExpandableTableTree (1.1.1)
  - SideMenu (2.3.3)
  - SkyFloatingLabelTextField (3.2.0)

DEPENDENCIES:
  - Alamofire
  - Firebase/Core
  - IGLDropDownMenu
  - ImageSlideshow (~> 1.4)
  - Kingfisher (~> 4.3)
  - KJExpandableTableTree
  - SideMenu
  - SkyFloatingLabelTextField (~> 3.0)

SPEC CHECKSUMS:
  Alamofire: f28cdffd29de33a7bfa022cbd63ae95a27fae140
  Firebase: 9e33fdfbca37cab635c693883caa90a4475b842b
  FirebaseAnalytics: ad41720e3e67fc63fbe3d2948d3e26932a8de311
  FirebaseCore: c709067051de07bdaffdc4e735cd7299a23c463a
  FirebaseInstanceID: 9fbf536668f4d3f0880e7438456dabd1376e294b
  GoogleToolboxForMac: 8e329f1b599f2512c6b10676d45736bcc2cbbeb0
  IGLDropDownMenu: ae118618ae858fa66ce7c2ac80ed9124a710b228
  ImageSlideshow: 1bb0e610e28a71e8936d57265d882f61714a470b
  Kingfisher: 75541c4b62f02e1fde6f9772303de3d9ebe8f5b3
  KJExpandableTableTree: e4724aa845551ad6d29850c1abcf71fb404f37e7
  SideMenu: a447554ae5c982e8077666389e1c8b0c8656e065
  SkyFloatingLabelTextField: 4e2d2f7160af660ed1da6bb9d0027b5c474b4b79

PODFILE CHECKSUM: b642cde08fd214057fa559c8e48755ef6c2dfbd7

COCOAPODS: 1.3.1
